// !$*UTF8*$!
{
	archiveVersion = 1;
	classes = {
	};
	objectVersion = 56;
	objects = {

/* Begin PBXBuildFile section */
		800175912BA4864F00E5451E /* ToDoListApp.swift in Sources */ = {isa = PBXBuildFile; fileRef = 800175902BA4864F00E5451E /* ToDoListApp.swift */; };
		800175932BA4864F00E5451E /* ContentView.swift in Sources */ = {isa = PBXBuildFile; fileRef = 800175922BA4864F00E5451E /* ContentView.swift */; };
		800175952BA4865200E5451E /* Assets.xcassets in Resources */ = {isa = PBXBuildFile; fileRef = 800175942BA4865200E5451E /* Assets.xcassets */; };
		800175982BA4865200E5451E /* Preview Assets.xcassets in Resources */ = {isa = PBXBuildFile; fileRef = 800175972BA4865200E5451E /* Preview Assets.xcassets */; };
		800175A02BA48B2000E5451E /* FirebaseAnalytics in Frameworks */ = {isa = PBXBuildFile; productRef = 8001759F2BA48B2000E5451E /* FirebaseAnalytics */; };
		800175A22BA48B2000E5451E /* FirebaseAnalyticsOnDeviceConversion in Frameworks */ = {isa = PBXBuildFile; productRef = 800175A12BA48B2000E5451E /* FirebaseAnalyticsOnDeviceConversion */; };
		800175A42BA48B2000E5451E /* FirebaseAnalyticsSwift in Frameworks */ = {isa = PBXBuildFile; productRef = 800175A32BA48B2000E5451E /* FirebaseAnalyticsSwift */; };
		800175A62BA48B2000E5451E /* FirebaseAnalyticsWithoutAdIdSupport in Frameworks */ = {isa = PBXBuildFile; productRef = 800175A52BA48B2000E5451E /* FirebaseAnalyticsWithoutAdIdSupport */; };
		800175A82BA48B2000E5451E /* FirebaseAppCheck in Frameworks */ = {isa = PBXBuildFile; productRef = 800175A72BA48B2000E5451E /* FirebaseAppCheck */; };
		800175AA2BA48B2000E5451E /* FirebaseAppDistribution-Beta in Frameworks */ = {isa = PBXBuildFile; productRef = 800175A92BA48B2000E5451E /* FirebaseAppDistribution-Beta */; };
		800175AC2BA48B2000E5451E /* FirebaseAuth in Frameworks */ = {isa = PBXBuildFile; productRef = 800175AB2BA48B2000E5451E /* FirebaseAuth */; };
		800175AE2BA48B2000E5451E /* FirebaseAuthCombine-Community in Frameworks */ = {isa = PBXBuildFile; productRef = 800175AD2BA48B2000E5451E /* FirebaseAuthCombine-Community */; };
		800175B02BA48B2000E5451E /* FirebaseCrashlytics in Frameworks */ = {isa = PBXBuildFile; productRef = 800175AF2BA48B2000E5451E /* FirebaseCrashlytics */; };
		800175B22BA48B2000E5451E /* FirebaseDatabase in Frameworks */ = {isa = PBXBuildFile; productRef = 800175B12BA48B2000E5451E /* FirebaseDatabase */; };
		800175B42BA48B2000E5451E /* FirebaseDatabaseSwift in Frameworks */ = {isa = PBXBuildFile; productRef = 800175B32BA48B2000E5451E /* FirebaseDatabaseSwift */; };
		800175B62BA48B2000E5451E /* FirebaseDynamicLinks in Frameworks */ = {isa = PBXBuildFile; productRef = 800175B52BA48B2000E5451E /* FirebaseDynamicLinks */; };
		800175B82BA48B2000E5451E /* FirebaseFirestore in Frameworks */ = {isa = PBXBuildFile; productRef = 800175B72BA48B2000E5451E /* FirebaseFirestore */; };
		800175BA2BA48B2000E5451E /* FirebaseFirestoreCombine-Community in Frameworks */ = {isa = PBXBuildFile; productRef = 800175B92BA48B2000E5451E /* FirebaseFirestoreCombine-Community */; };
		800175BC2BA48B2000E5451E /* FirebaseFirestoreSwift in Frameworks */ = {isa = PBXBuildFile; productRef = 800175BB2BA48B2000E5451E /* FirebaseFirestoreSwift */; };
		800175BE2BA48B2000E5451E /* FirebaseFunctions in Frameworks */ = {isa = PBXBuildFile; productRef = 800175BD2BA48B2000E5451E /* FirebaseFunctions */; };
/* End PBXBuildFile section */

/* Begin PBXFileReference section */
		8001758D2BA4864F00E5451E /* ToDoList.app */ = {isa = PBXFileReference; explicitFileType = wrapper.application; includeInIndex = 0; path = ToDoList.app; sourceTree = BUILT_PRODUCTS_DIR; };
		800175902BA4864F00E5451E /* ToDoListApp.swift */ = {isa = PBXFileReference; lastKnownFileType = sourcecode.swift; path = ToDoListApp.swift; sourceTree = "<group>"; };
		800175922BA4864F00E5451E /* ContentView.swift */ = {isa = PBXFileReference; lastKnownFileType = sourcecode.swift; path = ContentView.swift; sourceTree = "<group>"; };
		800175942BA4865200E5451E /* Assets.xcassets */ = {isa = PBXFileReference; lastKnownFileType = folder.assetcatalog; path = Assets.xcassets; sourceTree = "<group>"; };
		800175972BA4865200E5451E /* Preview Assets.xcassets */ = {isa = PBXFileReference; lastKnownFileType = folder.assetcatalog; path = "Preview Assets.xcassets"; sourceTree = "<group>"; };
/* End PBXFileReference section */

/* Begin PBXFrameworksBuildPhase section */
		8001758A2BA4864F00E5451E /* Frameworks */ = {
			isa = PBXFrameworksBuildPhase;
			buildActionMask = 2147483647;
			files = (
				800175B22BA48B2000E5451E /* FirebaseDatabase in Frameworks */,
				800175B82BA48B2000E5451E /* FirebaseFirestore in Frameworks */,
				800175A42BA48B2000E5451E /* FirebaseAnalyticsSwift in Frameworks */,
				800175A02BA48B2000E5451E /* FirebaseAnalytics in Frameworks */,
				800175A22BA48B2000E5451E /* FirebaseAnalyticsOnDeviceConversion in Frameworks */,
				800175BC2BA48B2000E5451E /* FirebaseFirestoreSwift in Frameworks */,
				800175A82BA48B2000E5451E /* FirebaseAppCheck in Frameworks */,
				800175A62BA48B2000E5451E /* FirebaseAnalyticsWithoutAdIdSupport in Frameworks */,
				800175AC2BA48B2000E5451E /* FirebaseAuth in Frameworks */,
				800175B02BA48B2000E5451E /* FirebaseCrashlytics in Frameworks */,
				800175B42BA48B2000E5451E /* FirebaseDatabaseSwift in Frameworks */,
				800175BE2BA48B2000E5451E /* FirebaseFunctions in Frameworks */,
				800175AA2BA48B2000E5451E /* FirebaseAppDistribution-Beta in Frameworks */,
				800175AE2BA48B2000E5451E /* FirebaseAuthCombine-Community in Frameworks */,
				800175B62BA48B2000E5451E /* FirebaseDynamicLinks in Frameworks */,
				800175BA2BA48B2000E5451E /* FirebaseFirestoreCombine-Community in Frameworks */,
			);
			runOnlyForDeploymentPostprocessing = 0;
		};
/* End PBXFrameworksBuildPhase section */

/* Begin PBXGroup section */
		800175842BA4864F00E5451E = {
			isa = PBXGroup;
			children = (
				8001758F2BA4864F00E5451E /* ToDoList */,
				8001758E2BA4864F00E5451E /* Products */,
			);
			sourceTree = "<group>";
		};
		8001758E2BA4864F00E5451E /* Products */ = {
			isa = PBXGroup;
			children = (
				8001758D2BA4864F00E5451E /* ToDoList.app */,
			);
			name = Products;
			sourceTree = "<group>";
		};
		8001758F2BA4864F00E5451E /* ToDoList */ = {
			isa = PBXGroup;
			children = (
				800175902BA4864F00E5451E /* ToDoListApp.swift */,
				800175922BA4864F00E5451E /* ContentView.swift */,
				800175942BA4865200E5451E /* Assets.xcassets */,
				800175962BA4865200E5451E /* Preview Content */,
			);
			path = ToDoList;
			sourceTree = "<group>";
		};
		800175962BA4865200E5451E /* Preview Content */ = {
			isa = PBXGroup;
			children = (
				800175972BA4865200E5451E /* Preview Assets.xcassets */,
			);
			path = "Preview Content";
			sourceTree = "<group>";
		};
/* End PBXGroup section */

/* Begin PBXNativeTarget section */
		8001758C2BA4864F00E5451E /* ToDoList */ = {
			isa = PBXNativeTarget;
			buildConfigurationList = 8001759B2BA4865200E5451E /* Build configuration list for PBXNativeTarget "ToDoList" */;
			buildPhases = (
				800175892BA4864F00E5451E /* Sources */,
				8001758A2BA4864F00E5451E /* Frameworks */,
				8001758B2BA4864F00E5451E /* Resources */,
			);
			buildRules = (
			);
			dependencies = (
			);
			name = ToDoList;
			packageProductDependencies = (
				8001759F2BA48B2000E5451E /* FirebaseAnalytics */,
				800175A12BA48B2000E5451E /* FirebaseAnalyticsOnDeviceConversion */,
				800175A32BA48B2000E5451E /* FirebaseAnalyticsSwift */,
				800175A52BA48B2000E5451E /* FirebaseAnalyticsWithoutAdIdSupport */,
				800175A72BA48B2000E5451E /* FirebaseAppCheck */,
				800175A92BA48B2000E5451E /* FirebaseAppDistribution-Beta */,
				800175AB2BA48B2000E5451E /* FirebaseAuth */,
				800175AD2BA48B2000E5451E /* FirebaseAuthCombine-Community */,
				800175AF2BA48B2000E5451E /* FirebaseCrashlytics */,
				800175B12BA48B2000E5451E /* FirebaseDatabase */,
				800175B32BA48B2000E5451E /* FirebaseDatabaseSwift */,
				800175B52BA48B2000E5451E /* FirebaseDynamicLinks */,
				800175B72BA48B2000E5451E /* FirebaseFirestore */,
				800175B92BA48B2000E5451E /* FirebaseFirestoreCombine-Community */,
				800175BB2BA48B2000E5451E /* FirebaseFirestoreSwift */,
				800175BD2BA48B2000E5451E /* FirebaseFunctions */,
			);
			productName = ToDoList;
			productReference = 8001758D2BA4864F00E5451E /* ToDoList.app */;
			productType = "com.apple.product-type.application";
		};
/* End PBXNativeTarget section */

/* Begin PBXProject section */
		800175852BA4864F00E5451E /* Project object */ = {
			isa = PBXProject;
			attributes = {
				BuildIndependentTargetsInParallel = 1;
				LastSwiftUpdateCheck = 1520;
				LastUpgradeCheck = 1520;
				TargetAttributes = {
					8001758C2BA4864F00E5451E = {
						CreatedOnToolsVersion = 15.2;
					};
				};
			};
			buildConfigurationList = 800175882BA4864F00E5451E /* Build configuration list for PBXProject "ToDoList" */;
			compatibilityVersion = "Xcode 14.0";
			developmentRegion = en;
			hasScannedForEncodings = 0;
			knownRegions = (
				en,
				Base,
			);
			mainGroup = 800175842BA4864F00E5451E;
			packageReferences = (
				8001759E2BA48B2000E5451E /* XCRemoteSwiftPackageReference "firebase-ios-sdk" */,
			);
			productRefGroup = 8001758E2BA4864F00E5451E /* Products */;
			projectDirPath = "";
			projectRoot = "";
			targets = (
				8001758C2BA4864F00E5451E /* ToDoList */,
			);
		};
/* End PBXProject section */

/* Begin PBXResourcesBuildPhase section */
		8001758B2BA4864F00E5451E /* Resources */ = {
			isa = PBXResourcesBuildPhase;
			buildActionMask = 2147483647;
			files = (
				800175982BA4865200E5451E /* Preview Assets.xcassets in Resources */,
				800175952BA4865200E5451E /* Assets.xcassets in Resources */,
			);
			runOnlyForDeploymentPostprocessing = 0;
		};
/* End PBXResourcesBuildPhase section */

/* Begin PBXSourcesBuildPhase section */
		800175892BA4864F00E5451E /* Sources */ = {
			isa = PBXSourcesBuildPhase;
			buildActionMask = 2147483647;
			files = (
				800175932BA4864F00E5451E /* ContentView.swift in Sources */,
				800175912BA4864F00E5451E /* ToDoListApp.swift in Sources */,
			);
			runOnlyForDeploymentPostprocessing = 0;
		};
/* End PBXSourcesBuildPhase section */

/* Begin XCBuildConfiguration section */
		800175992BA4865200E5451E /* Debug */ = {
			isa = XCBuildConfiguration;
			buildSettings = {
				ALWAYS_SEARCH_USER_PATHS = NO;
				ASSETCATALOG_COMPILER_GENERATE_SWIFT_ASSET_SYMBOL_EXTENSIONS = YES;
				CLANG_ANALYZER_NONNULL = YES;
				CLANG_ANALYZER_NUMBER_OBJECT_CONVERSION = YES_AGGRESSIVE;
				CLANG_CXX_LANGUAGE_STANDARD = "gnu++20";
				CLANG_ENABLE_MODULES = YES;
				CLANG_ENABLE_OBJC_ARC = YES;
				CLANG_ENABLE_OBJC_WEAK = YES;
				CLANG_WARN_BLOCK_CAPTURE_AUTORELEASING = YES;
				CLANG_WARN_BOOL_CONVERSION = YES;
				CLANG_WARN_COMMA = YES;
				CLANG_WARN_CONSTANT_CONVERSION = YES;
				CLANG_WARN_DEPRECATED_OBJC_IMPLEMENTATIONS = YES;
				CLANG_WARN_DIRECT_OBJC_ISA_USAGE = YES_ERROR;
				CLANG_WARN_DOCUMENTATION_COMMENTS = YES;
				CLANG_WARN_EMPTY_BODY = YES;
				CLANG_WARN_ENUM_CONVERSION = YES;
				CLANG_WARN_INFINITE_RECURSION = YES;
				CLANG_WARN_INT_CONVERSION = YES;
				CLANG_WARN_NON_LITERAL_NULL_CONVERSION = YES;
				CLANG_WARN_OBJC_IMPLICIT_RETAIN_SELF = YES;
				CLANG_WARN_OBJC_LITERAL_CONVERSION = YES;
				CLANG_WARN_OBJC_ROOT_CLASS = YES_ERROR;
				CLANG_WARN_QUOTED_INCLUDE_IN_FRAMEWORK_HEADER = YES;
				CLANG_WARN_RANGE_LOOP_ANALYSIS = YES;
				CLANG_WARN_STRICT_PROTOTYPES = YES;
				CLANG_WARN_SUSPICIOUS_MOVE = YES;
				CLANG_WARN_UNGUARDED_AVAILABILITY = YES_AGGRESSIVE;
				CLANG_WARN_UNREACHABLE_CODE = YES;
				CLANG_WARN__DUPLICATE_METHOD_MATCH = YES;
				COPY_PHASE_STRIP = NO;
				DEBUG_INFORMATION_FORMAT = dwarf;
				ENABLE_STRICT_OBJC_MSGSEND = YES;
				ENABLE_TESTABILITY = YES;
				ENABLE_USER_SCRIPT_SANDBOXING = YES;
				GCC_C_LANGUAGE_STANDARD = gnu17;
				GCC_DYNAMIC_NO_PIC = NO;
				GCC_NO_COMMON_BLOCKS = YES;
				GCC_OPTIMIZATION_LEVEL = 0;
				GCC_PREPROCESSOR_DEFINITIONS = (
					"DEBUG=1",
					"$(inherited)",
				);
				GCC_WARN_64_TO_32_BIT_CONVERSION = YES;
				GCC_WARN_ABOUT_RETURN_TYPE = YES_ERROR;
				GCC_WARN_UNDECLARED_SELECTOR = YES;
				GCC_WARN_UNINITIALIZED_AUTOS = YES_AGGRESSIVE;
				GCC_WARN_UNUSED_FUNCTION = YES;
				GCC_WARN_UNUSED_VARIABLE = YES;
				IPHONEOS_DEPLOYMENT_TARGET = 17.2;
				LOCALIZATION_PREFERS_STRING_CATALOGS = YES;
				MTL_ENABLE_DEBUG_INFO = INCLUDE_SOURCE;
				MTL_FAST_MATH = YES;
				ONLY_ACTIVE_ARCH = YES;
				SDKROOT = iphoneos;
				SWIFT_ACTIVE_COMPILATION_CONDITIONS = "DEBUG $(inherited)";
				SWIFT_OPTIMIZATION_LEVEL = "-Onone";
			};
			name = Debug;
		};
		8001759A2BA4865200E5451E /* Release */ = {
			isa = XCBuildConfiguration;
			buildSettings = {
				ALWAYS_SEARCH_USER_PATHS = NO;
				ASSETCATALOG_COMPILER_GENERATE_SWIFT_ASSET_SYMBOL_EXTENSIONS = YES;
				CLANG_ANALYZER_NONNULL = YES;
				CLANG_ANALYZER_NUMBER_OBJECT_CONVERSION = YES_AGGRESSIVE;
				CLANG_CXX_LANGUAGE_STANDARD = "gnu++20";
				CLANG_ENABLE_MODULES = YES;
				CLANG_ENABLE_OBJC_ARC = YES;
				CLANG_ENABLE_OBJC_WEAK = YES;
				CLANG_WARN_BLOCK_CAPTURE_AUTORELEASING = YES;
				CLANG_WARN_BOOL_CONVERSION = YES;
				CLANG_WARN_COMMA = YES;
				CLANG_WARN_CONSTANT_CONVERSION = YES;
				CLANG_WARN_DEPRECATED_OBJC_IMPLEMENTATIONS = YES;
				CLANG_WARN_DIRECT_OBJC_ISA_USAGE = YES_ERROR;
				CLANG_WARN_DOCUMENTATION_COMMENTS = YES;
				CLANG_WARN_EMPTY_BODY = YES;
				CLANG_WARN_ENUM_CONVERSION = YES;
				CLANG_WARN_INFINITE_RECURSION = YES;
				CLANG_WARN_INT_CONVERSION = YES;
				CLANG_WARN_NON_LITERAL_NULL_CONVERSION = YES;
				CLANG_WARN_OBJC_IMPLICIT_RETAIN_SELF = YES;
				CLANG_WARN_OBJC_LITERAL_CONVERSION = YES;
				CLANG_WARN_OBJC_ROOT_CLASS = YES_ERROR;
				CLANG_WARN_QUOTED_INCLUDE_IN_FRAMEWORK_HEADER = YES;
				CLANG_WARN_RANGE_LOOP_ANALYSIS = YES;
				CLANG_WARN_STRICT_PROTOTYPES = YES;
				CLANG_WARN_SUSPICIOUS_MOVE = YES;
				CLANG_WARN_UNGUARDED_AVAILABILITY = YES_AGGRESSIVE;
				CLANG_WARN_UNREACHABLE_CODE = YES;
				CLANG_WARN__DUPLICATE_METHOD_MATCH = YES;
				COPY_PHASE_STRIP = NO;
				DEBUG_INFORMATION_FORMAT = "dwarf-with-dsym";
				ENABLE_NS_ASSERTIONS = NO;
				ENABLE_STRICT_OBJC_MSGSEND = YES;
				ENABLE_USER_SCRIPT_SANDBOXING = YES;
				GCC_C_LANGUAGE_STANDARD = gnu17;
				GCC_NO_COMMON_BLOCKS = YES;
				GCC_WARN_64_TO_32_BIT_CONVERSION = YES;
				GCC_WARN_ABOUT_RETURN_TYPE = YES_ERROR;
				GCC_WARN_UNDECLARED_SELECTOR = YES;
				GCC_WARN_UNINITIALIZED_AUTOS = YES_AGGRESSIVE;
				GCC_WARN_UNUSED_FUNCTION = YES;
				GCC_WARN_UNUSED_VARIABLE = YES;
				IPHONEOS_DEPLOYMENT_TARGET = 17.2;
				LOCALIZATION_PREFERS_STRING_CATALOGS = YES;
				MTL_ENABLE_DEBUG_INFO = NO;
				MTL_FAST_MATH = YES;
				SDKROOT = iphoneos;
				SWIFT_COMPILATION_MODE = wholemodule;
				VALIDATE_PRODUCT = YES;
			};
			name = Release;
		};
		8001759C2BA4865200E5451E /* Debug */ = {
			isa = XCBuildConfiguration;
			buildSettings = {
				ASSETCATALOG_COMPILER_APPICON_NAME = AppIcon;
				ASSETCATALOG_COMPILER_GLOBAL_ACCENT_COLOR_NAME = AccentColor;
				CODE_SIGN_STYLE = Automatic;
				CURRENT_PROJECT_VERSION = 1;
				DEVELOPMENT_ASSET_PATHS = "\"ToDoList/Preview Content\"";
				ENABLE_PREVIEWS = YES;
				GENERATE_INFOPLIST_FILE = YES;
				INFOPLIST_KEY_UIApplicationSceneManifest_Generation = YES;
				INFOPLIST_KEY_UIApplicationSupportsIndirectInputEvents = YES;
				INFOPLIST_KEY_UILaunchScreen_Generation = YES;
				INFOPLIST_KEY_UISupportedInterfaceOrientations_iPad = "UIInterfaceOrientationPortrait UIInterfaceOrientationPortraitUpsideDown UIInterfaceOrientationLandscapeLeft UIInterfaceOrientationLandscapeRight";
				INFOPLIST_KEY_UISupportedInterfaceOrientations_iPhone = "UIInterfaceOrientationPortrait UIInterfaceOrientationLandscapeLeft UIInterfaceOrientationLandscapeRight";
				LD_RUNPATH_SEARCH_PATHS = (
					"$(inherited)",
					"@executable_path/Frameworks",
				);
				MARKETING_VERSION = 1.0;
				PRODUCT_BUNDLE_IDENTIFIER = salma.ToDoList;
				PRODUCT_NAME = "$(TARGET_NAME)";
				SWIFT_EMIT_LOC_STRINGS = YES;
				SWIFT_VERSION = 5.0;
				TARGETED_DEVICE_FAMILY = "1,2";
			};
			name = Debug;
		};
		8001759D2BA4865200E5451E /* Release */ = {
			isa = XCBuildConfiguration;
			buildSettings = {
				ASSETCATALOG_COMPILER_APPICON_NAME = AppIcon;
				ASSETCATALOG_COMPILER_GLOBAL_ACCENT_COLOR_NAME = AccentColor;
				CODE_SIGN_STYLE = Automatic;
				CURRENT_PROJECT_VERSION = 1;
				DEVELOPMENT_ASSET_PATHS = "\"ToDoList/Preview Content\"";
				ENABLE_PREVIEWS = YES;
				GENERATE_INFOPLIST_FILE = YES;
				INFOPLIST_KEY_UIApplicationSceneManifest_Generation = YES;
				INFOPLIST_KEY_UIApplicationSupportsIndirectInputEvents = YES;
				INFOPLIST_KEY_UILaunchScreen_Generation = YES;
				INFOPLIST_KEY_UISupportedInterfaceOrientations_iPad = "UIInterfaceOrientationPortrait UIInterfaceOrientationPortraitUpsideDown UIInterfaceOrientationLandscapeLeft UIInterfaceOrientationLandscapeRight";
				INFOPLIST_KEY_UISupportedInterfaceOrientations_iPhone = "UIInterfaceOrientationPortrait UIInterfaceOrientationLandscapeLeft UIInterfaceOrientationLandscapeRight";
				LD_RUNPATH_SEARCH_PATHS = (
					"$(inherited)",
					"@executable_path/Frameworks",
				);
				MARKETING_VERSION = 1.0;
				PRODUCT_BUNDLE_IDENTIFIER = salma.ToDoList;
				PRODUCT_NAME = "$(TARGET_NAME)";
				SWIFT_EMIT_LOC_STRINGS = YES;
				SWIFT_VERSION = 5.0;
				TARGETED_DEVICE_FAMILY = "1,2";
			};
			name = Release;
		};
/* End XCBuildConfiguration section */

/* Begin XCConfigurationList section */
		800175882BA4864F00E5451E /* Build configuration list for PBXProject "ToDoList" */ = {
			isa = XCConfigurationList;
			buildConfigurations = (
				800175992BA4865200E5451E /* Debug */,
				8001759A2BA4865200E5451E /* Release */,
			);
			defaultConfigurationIsVisible = 0;
			defaultConfigurationName = Release;
		};
		8001759B2BA4865200E5451E /* Build configuration list for PBXNativeTarget "ToDoList" */ = {
			isa = XCConfigurationList;
			buildConfigurations = (
				8001759C2BA4865200E5451E /* Debug */,
				8001759D2BA4865200E5451E /* Release */,
			);
			defaultConfigurationIsVisible = 0;
			defaultConfigurationName = Release;
		};
/* End XCConfigurationList section */

/* Begin XCRemoteSwiftPackageReference section */
		8001759E2BA48B2000E5451E /* XCRemoteSwiftPackageReference "firebase-ios-sdk" */ = {
			isa = XCRemoteSwiftPackageReference;
			repositoryURL = "https://github.com/firebase/firebase-ios-sdk";
			requirement = {
				kind = upToNextMajorVersion;
				minimumVersion = 10.22.1;
			};
		};
/* End XCRemoteSwiftPackageReference section */

/* Begin XCSwiftPackageProductDependency section */
		8001759F2BA48B2000E5451E /* FirebaseAnalytics */ = {
			isa = XCSwiftPackageProductDependency;
			package = 8001759E2BA48B2000E5451E /* XCRemoteSwiftPackageReference "firebase-ios-sdk" */;
			productName = FirebaseAnalytics;
		};
		800175A12BA48B2000E5451E /* FirebaseAnalyticsOnDeviceConversion */ = {
			isa = XCSwiftPackageProductDependency;
			package = 8001759E2BA48B2000E5451E /* XCRemoteSwiftPackageReference "firebase-ios-sdk" */;
			productName = FirebaseAnalyticsOnDeviceConversion;
		};
		800175A32BA48B2000E5451E /* FirebaseAnalyticsSwift */ = {
			isa = XCSwiftPackageProductDependency;
			package = 8001759E2BA48B2000E5451E /* XCRemoteSwiftPackageReference "firebase-ios-sdk" */;
			productName = FirebaseAnalyticsSwift;
		};
		800175A52BA48B2000E5451E /* FirebaseAnalyticsWithoutAdIdSupport */ = {
			isa = XCSwiftPackageProductDependency;
			package = 8001759E2BA48B2000E5451E /* XCRemoteSwiftPackageReference "firebase-ios-sdk" */;
			productName = FirebaseAnalyticsWithoutAdIdSupport;
		};
		800175A72BA48B2000E5451E /* FirebaseAppCheck */ = {
			isa = XCSwiftPackageProductDependency;
			package = 8001759E2BA48B2000E5451E /* XCRemoteSwiftPackageReference "firebase-ios-sdk" */;
			productName = FirebaseAppCheck;
		};
		800175A92BA48B2000E5451E /* FirebaseAppDistribution-Beta */ = {
			isa = XCSwiftPackageProductDependency;
			package = 8001759E2BA48B2000E5451E /* XCRemoteSwiftPackageReference "firebase-ios-sdk" */;
			productName = "FirebaseAppDistribution-Beta";
		};
		800175AB2BA48B2000E5451E /* FirebaseAuth */ = {
			isa = XCSwiftPackageProductDependency;
			package = 8001759E2BA48B2000E5451E /* XCRemoteSwiftPackageReference "firebase-ios-sdk" */;
			productName = FirebaseAuth;
		};
		800175AD2BA48B2000E5451E /* FirebaseAuthCombine-Community */ = {
			isa = XCSwiftPackageProductDependency;
			package = 8001759E2BA48B2000E5451E /* XCRemoteSwiftPackageReference "firebase-ios-sdk" */;
			productName = "FirebaseAuthCombine-Community";
		};
		800175AF2BA48B2000E5451E /* FirebaseCrashlytics */ = {
			isa = XCSwiftPackageProductDependency;
			package = 8001759E2BA48B2000E5451E /* XCRemoteSwiftPackageReference "firebase-ios-sdk" */;
			productName = FirebaseCrashlytics;
		};
		800175B12BA48B2000E5451E /* FirebaseDatabase */ = {
			isa = XCSwiftPackageProductDependency;
			package = 8001759E2BA48B2000E5451E /* XCRemoteSwiftPackageReference "firebase-ios-sdk" */;
			productName = FirebaseDatabase;
		};
		800175B32BA48B2000E5451E /* FirebaseDatabaseSwift */ = {
			isa = XCSwiftPackageProductDependency;
			package = 8001759E2BA48B2000E5451E /* XCRemoteSwiftPackageReference "firebase-ios-sdk" */;
			productName = FirebaseDatabaseSwift;
		};
		800175B52BA48B2000E5451E /* FirebaseDynamicLinks */ = {
			isa = XCSwiftPackageProductDependency;
			package = 8001759E2BA48B2000E5451E /* XCRemoteSwiftPackageReference "firebase-ios-sdk" */;
			productName = FirebaseDynamicLinks;
		};
		800175B72BA48B2000E5451E /* FirebaseFirestore */ = {
			isa = XCSwiftPackageProductDependency;
			package = 8001759E2BA48B2000E5451E /* XCRemoteSwiftPackageReference "firebase-ios-sdk" */;
			productName = FirebaseFirestore;
		};
		800175B92BA48B2000E5451E /* FirebaseFirestoreCombine-Community */ = {
			isa = XCSwiftPackageProductDependency;
			package = 8001759E2BA48B2000E5451E /* XCRemoteSwiftPackageReference "firebase-ios-sdk" */;
			productName = "FirebaseFirestoreCombine-Community";
		};
		800175BB2BA48B2000E5451E /* FirebaseFirestoreSwift */ = {
			isa = XCSwiftPackageProductDependency;
			package = 8001759E2BA48B2000E5451E /* XCRemoteSwiftPackageReference "firebase-ios-sdk" */;
			productName = FirebaseFirestoreSwift;
		};
		800175BD2BA48B2000E5451E /* FirebaseFunctions */ = {
			isa = XCSwiftPackageProductDependency;
			package = 8001759E2BA48B2000E5451E /* XCRemoteSwiftPackageReference "firebase-ios-sdk" */;
			productName = FirebaseFunctions;
		};
/* End XCSwiftPackageProductDependency section */
	};
	rootObject = 800175852BA4864F00E5451E /* Project object */;
}
